// !$*UTF8*$!
{
	archiveVersion = 1;
	classes = {
	};
	objectVersion = 56;
	objects = {

/* Begin PBXBuildFile section */
		1244504D29BD4B120077682D /* PostersViewController.swift in Sources */ = {isa = PBXBuildFile; fileRef = 1244504C29BD4B120077682D /* PostersViewController.swift */; };
		1244504F29BD4F3C0077682D /* Poster.swift in Sources */ = {isa = PBXBuildFile; fileRef = 1244504E29BD4F3C0077682D /* Poster.swift */; };
		12557BD229B319B900BFF6B5 /* MovieCell.swift in Sources */ = {isa = PBXBuildFile; fileRef = 12557BD129B319B900BFF6B5 /* MovieCell.swift */; };
		12557BD529B31C1200BFF6B5 /* Nuke in Frameworks */ = {isa = PBXBuildFile; productRef = 12557BD429B31C1200BFF6B5 /* Nuke */; };
		12C6FD0529B2D03F0065F829 /* DetailViewController.swift in Sources */ = {isa = PBXBuildFile; fileRef = 12C6FD0429B2D03F0065F829 /* DetailViewController.swift */; };
		12E50CBC29B0390F00A314DF /* AppDelegate.swift in Sources */ = {isa = PBXBuildFile; fileRef = 12E50CBB29B0390F00A314DF /* AppDelegate.swift */; };
		12E50CBE29B0390F00A314DF /* SceneDelegate.swift in Sources */ = {isa = PBXBuildFile; fileRef = 12E50CBD29B0390F00A314DF /* SceneDelegate.swift */; };
		12E50CC029B0390F00A314DF /* MoviesViewController.swift in Sources */ = {isa = PBXBuildFile; fileRef = 12E50CBF29B0390F00A314DF /* MoviesViewController.swift */; };
		12E50CC329B0390F00A314DF /* Main.storyboard in Resources */ = {isa = PBXBuildFile; fileRef = 12E50CC129B0390F00A314DF /* Main.storyboard */; };
		12E50CC529B0391000A314DF /* Assets.xcassets in Resources */ = {isa = PBXBuildFile; fileRef = 12E50CC429B0391000A314DF /* Assets.xcassets */; };
		12E50CC829B0391000A314DF /* LaunchScreen.storyboard in Resources */ = {isa = PBXBuildFile; fileRef = 12E50CC629B0391000A314DF /* LaunchScreen.storyboard */; };
		12E50CD029B0398800A314DF /* Movie.swift in Sources */ = {isa = PBXBuildFile; fileRef = 12E50CCF29B0398800A314DF /* Movie.swift */; };
		12FC560B29BD6D800001210E /* PosterCell.swift in Sources */ = {isa = PBXBuildFile; fileRef = 12FC560A29BD6D800001210E /* PosterCell.swift */; };
/* End PBXBuildFile section */

/* Begin PBXFileReference section */
		1244504C29BD4B120077682D /* PostersViewController.swift */ = {isa = PBXFileReference; lastKnownFileType = sourcecode.swift; path = PostersViewController.swift; sourceTree = "<group>"; };
		1244504E29BD4F3C0077682D /* Poster.swift */ = {isa = PBXFileReference; lastKnownFileType = sourcecode.swift; path = Poster.swift; sourceTree = "<group>"; };
		12557BD129B319B900BFF6B5 /* MovieCell.swift */ = {isa = PBXFileReference; lastKnownFileType = sourcecode.swift; path = MovieCell.swift; sourceTree = "<group>"; };
		12C6FD0429B2D03F0065F829 /* DetailViewController.swift */ = {isa = PBXFileReference; lastKnownFileType = sourcecode.swift; path = DetailViewController.swift; sourceTree = "<group>"; };
		12E50CB829B0390F00A314DF /* Movies.app */ = {isa = PBXFileReference; explicitFileType = wrapper.application; includeInIndex = 0; path = Movies.app; sourceTree = BUILT_PRODUCTS_DIR; };
		12E50CBB29B0390F00A314DF /* AppDelegate.swift */ = {isa = PBXFileReference; lastKnownFileType = sourcecode.swift; path = AppDelegate.swift; sourceTree = "<group>"; };
		12E50CBD29B0390F00A314DF /* SceneDelegate.swift */ = {isa = PBXFileReference; lastKnownFileType = sourcecode.swift; path = SceneDelegate.swift; sourceTree = "<group>"; };
		12E50CBF29B0390F00A314DF /* MoviesViewController.swift */ = {isa = PBXFileReference; lastKnownFileType = sourcecode.swift; path = MoviesViewController.swift; sourceTree = "<group>"; };
		12E50CC229B0390F00A314DF /* Base */ = {isa = PBXFileReference; lastKnownFileType = file.storyboard; name = Base; path = Base.lproj/Main.storyboard; sourceTree = "<group>"; };
		12E50CC429B0391000A314DF /* Assets.xcassets */ = {isa = PBXFileReference; lastKnownFileType = folder.assetcatalog; path = Assets.xcassets; sourceTree = "<group>"; };
		12E50CC729B0391000A314DF /* Base */ = {isa = PBXFileReference; lastKnownFileType = file.storyboard; name = Base; path = Base.lproj/LaunchScreen.storyboard; sourceTree = "<group>"; };
		12E50CC929B0391000A314DF /* Info.plist */ = {isa = PBXFileReference; lastKnownFileType = text.plist.xml; path = Info.plist; sourceTree = "<group>"; };
		12E50CCF29B0398800A314DF /* Movie.swift */ = {isa = PBXFileReference; lastKnownFileType = sourcecode.swift; path = Movie.swift; sourceTree = "<group>"; };
		12FC560A29BD6D800001210E /* PosterCell.swift */ = {isa = PBXFileReference; lastKnownFileType = sourcecode.swift; path = PosterCell.swift; sourceTree = "<group>"; };
/* End PBXFileReference section */

/* Begin PBXFrameworksBuildPhase section */
		12E50CB529B0390F00A314DF /* Frameworks */ = {
			isa = PBXFrameworksBuildPhase;
			buildActionMask = 2147483647;
			files = (
				12557BD529B31C1200BFF6B5 /* Nuke in Frameworks */,
			);
			runOnlyForDeploymentPostprocessing = 0;
		};
/* End PBXFrameworksBuildPhase section */

/* Begin PBXGroup section */
		12E50CAF29B0390F00A314DF = {
			isa = PBXGroup;
			children = (
				12E50CBA29B0390F00A314DF /* Movies */,
				12E50CB929B0390F00A314DF /* Products */,
			);
			sourceTree = "<group>";
		};
		12E50CB929B0390F00A314DF /* Products */ = {
			isa = PBXGroup;
			children = (
				12E50CB829B0390F00A314DF /* Movies.app */,
			);
			name = Products;
			sourceTree = "<group>";
		};
		12E50CBA29B0390F00A314DF /* Movies */ = {
			isa = PBXGroup;
			children = (
				12E50CBB29B0390F00A314DF /* AppDelegate.swift */,
				12E50CBD29B0390F00A314DF /* SceneDelegate.swift */,
				12E50CCF29B0398800A314DF /* Movie.swift */,
				1244504C29BD4B120077682D /* PostersViewController.swift */,
				1244504E29BD4F3C0077682D /* Poster.swift */,
				12E50CBF29B0390F00A314DF /* MoviesViewController.swift */,
				12557BD129B319B900BFF6B5 /* MovieCell.swift */,
				12E50CC129B0390F00A314DF /* Main.storyboard */,
				12FC560A29BD6D800001210E /* PosterCell.swift */,
				12C6FD0429B2D03F0065F829 /* DetailViewController.swift */,
				12E50CC429B0391000A314DF /* Assets.xcassets */,
				12E50CC629B0391000A314DF /* LaunchScreen.storyboard */,
				12E50CC929B0391000A314DF /* Info.plist */,
			);
			path = Movies;
			sourceTree = "<group>";
		};
/* End PBXGroup section */

/* Begin PBXNativeTarget section */
		12E50CB729B0390F00A314DF /* Movies */ = {
			isa = PBXNativeTarget;
			buildConfigurationList = 12E50CCC29B0391000A314DF /* Build configuration list for PBXNativeTarget "Movies" */;
			buildPhases = (
				12E50CB429B0390F00A314DF /* Sources */,
				12E50CB529B0390F00A314DF /* Frameworks */,
				12E50CB629B0390F00A314DF /* Resources */,
			);
			buildRules = (
			);
			dependencies = (
			);
			name = Movies;
			packageProductDependencies = (
				12557BD429B31C1200BFF6B5 /* Nuke */,
			);
			productName = Movies;
			productReference = 12E50CB829B0390F00A314DF /* Movies.app */;
			productType = "com.apple.product-type.application";
		};
/* End PBXNativeTarget section */

/* Begin PBXProject section */
		12E50CB029B0390F00A314DF /* Project object */ = {
			isa = PBXProject;
			attributes = {
				BuildIndependentTargetsInParallel = 1;
				LastSwiftUpdateCheck = 1420;
				LastUpgradeCheck = 1420;
				TargetAttributes = {
					12E50CB729B0390F00A314DF = {
						CreatedOnToolsVersion = 14.2;
					};
				};
			};
			buildConfigurationList = 12E50CB329B0390F00A314DF /* Build configuration list for PBXProject "Movies" */;
			compatibilityVersion = "Xcode 14.0";
			developmentRegion = en;
			hasScannedForEncodings = 0;
			knownRegions = (
				en,
				Base,
			);
			mainGroup = 12E50CAF29B0390F00A314DF;
			packageReferences = (
				12557BD329B31C1200BFF6B5 /* XCRemoteSwiftPackageReference "Nuke" */,
			);
			productRefGroup = 12E50CB929B0390F00A314DF /* Products */;
			projectDirPath = "";
			projectRoot = "";
			targets = (
				12E50CB729B0390F00A314DF /* Movies */,
			);
		};
/* End PBXProject section */

/* Begin PBXResourcesBuildPhase section */
		12E50CB629B0390F00A314DF /* Resources */ = {
			isa = PBXResourcesBuildPhase;
			buildActionMask = 2147483647;
			files = (
				12E50CC829B0391000A314DF /* LaunchScreen.storyboard in Resources */,
				12E50CC529B0391000A314DF /* Assets.xcassets in Resources */,
				12E50CC329B0390F00A314DF /* Main.storyboard in Resources */,
			);
			runOnlyForDeploymentPostprocessing = 0;
		};
/* End PBXResourcesBuildPhase section */

/* Begin PBXSourcesBuildPhase section */
		12E50CB429B0390F00A314DF /* Sources */ = {
			isa = PBXSourcesBuildPhase;
			buildActionMask = 2147483647;
			files = (
				12E50CC029B0390F00A314DF /* MoviesViewController.swift in Sources */,
				12E50CBC29B0390F00A314DF /* AppDelegate.swift in Sources */,
				12FC560B29BD6D800001210E /* PosterCell.swift in Sources */,
				12557BD229B319B900BFF6B5 /* MovieCell.swift in Sources */,
				12C6FD0529B2D03F0065F829 /* DetailViewController.swift in Sources */,
				1244504F29BD4F3C0077682D /* Poster.swift in Sources */,
				12E50CD029B0398800A314DF /* Movie.swift in Sources */,
				1244504D29BD4B120077682D /* PostersViewController.swift in Sources */,
				12E50CBE29B0390F00A314DF /* SceneDelegate.swift in Sources */,
			);
			runOnlyForDeploymentPostprocessing = 0;
		};
/* End PBXSourcesBuildPhase section */

/* Begin PBXVariantGroup section */
		12E50CC129B0390F00A314DF /* Main.storyboard */ = {
			isa = PBXVariantGroup;
			children = (
				12E50CC229B0390F00A314DF /* Base */,
			);
			name = Main.storyboard;
			sourceTree = "<group>";
		};
		12E50CC629B0391000A314DF /* LaunchScreen.storyboard */ = {
			isa = PBXVariantGroup;
			children = (
				12E50CC729B0391000A314DF /* Base */,
			);
			name = LaunchScreen.storyboard;
			sourceTree = "<group>";
		};
/* End PBXVariantGroup section */

/* Begin XCBuildConfiguration section */
		12E50CCA29B0391000A314DF /* Debug */ = {
			isa = XCBuildConfiguration;
			buildSettings = {
				ALWAYS_SEARCH_USER_PATHS = NO;
				CLANG_ANALYZER_NONNULL = YES;
				CLANG_ANALYZER_NUMBER_OBJECT_CONVERSION = YES_AGGRESSIVE;
				CLANG_CXX_LANGUAGE_STANDARD = "gnu++20";
				CLANG_ENABLE_MODULES = YES;
				CLANG_ENABLE_OBJC_ARC = YES;
				CLANG_ENABLE_OBJC_WEAK = YES;
				CLANG_WARN_BLOCK_CAPTURE_AUTORELEASING = YES;
				CLANG_WARN_BOOL_CONVERSION = YES;
				CLANG_WARN_COMMA = YES;
				CLANG_WARN_CONSTANT_CONVERSION = YES;
				CLANG_WARN_DEPRECATED_OBJC_IMPLEMENTATIONS = YES;
				CLANG_WARN_DIRECT_OBJC_ISA_USAGE = YES_ERROR;
				CLANG_WARN_DOCUMENTATION_COMMENTS = YES;
				CLANG_WARN_EMPTY_BODY = YES;
				CLANG_WARN_ENUM_CONVERSION = YES;
				CLANG_WARN_INFINITE_RECURSION = YES;
				CLANG_WARN_INT_CONVERSION = YES;
				CLANG_WARN_NON_LITERAL_NULL_CONVERSION = YES;
				CLANG_WARN_OBJC_IMPLICIT_RETAIN_SELF = YES;
				CLANG_WARN_OBJC_LITERAL_CONVERSION = YES;
				CLANG_WARN_OBJC_ROOT_CLASS = YES_ERROR;
				CLANG_WARN_QUOTED_INCLUDE_IN_FRAMEWORK_HEADER = YES;
				CLANG_WARN_RANGE_LOOP_ANALYSIS = YES;
				CLANG_WARN_STRICT_PROTOTYPES = YES;
				CLANG_WARN_SUSPICIOUS_MOVE = YES;
				CLANG_WARN_UNGUARDED_AVAILABILITY = YES_AGGRESSIVE;
				CLANG_WARN_UNREACHABLE_CODE = YES;
				CLANG_WARN__DUPLICATE_METHOD_MATCH = YES;
				COPY_PHASE_STRIP = NO;
				DEBUG_INFORMATION_FORMAT = dwarf;
				ENABLE_STRICT_OBJC_MSGSEND = YES;
				ENABLE_TESTABILITY = YES;
				GCC_C_LANGUAGE_STANDARD = gnu11;
				GCC_DYNAMIC_NO_PIC = NO;
				GCC_NO_COMMON_BLOCKS = YES;
				GCC_OPTIMIZATION_LEVEL = 0;
				GCC_PREPROCESSOR_DEFINITIONS = (
					"DEBUG=1",
					"$(inherited)",
				);
				GCC_WARN_64_TO_32_BIT_CONVERSION = YES;
				GCC_WARN_ABOUT_RETURN_TYPE = YES_ERROR;
				GCC_WARN_UNDECLARED_SELECTOR = YES;
				GCC_WARN_UNINITIALIZED_AUTOS = YES_AGGRESSIVE;
				GCC_WARN_UNUSED_FUNCTION = YES;
				GCC_WARN_UNUSED_VARIABLE = YES;
				IPHONEOS_DEPLOYMENT_TARGET = 16.2;
				MTL_ENABLE_DEBUG_INFO = INCLUDE_SOURCE;
				MTL_FAST_MATH = YES;
				ONLY_ACTIVE_ARCH = YES;
				SDKROOT = iphoneos;
				SWIFT_ACTIVE_COMPILATION_CONDITIONS = DEBUG;
				SWIFT_OPTIMIZATION_LEVEL = "-Onone";
			};
			name = Debug;
		};
		12E50CCB29B0391000A314DF /* Release */ = {
			isa = XCBuildConfiguration;
			buildSettings = {
				ALWAYS_SEARCH_USER_PATHS = NO;
				CLANG_ANALYZER_NONNULL = YES;
				CLANG_ANALYZER_NUMBER_OBJECT_CONVERSION = YES_AGGRESSIVE;
				CLANG_CXX_LANGUAGE_STANDARD = "gnu++20";
				CLANG_ENABLE_MODULES = YES;
				CLANG_ENABLE_OBJC_ARC = YES;
				CLANG_ENABLE_OBJC_WEAK = YES;
				CLANG_WARN_BLOCK_CAPTURE_AUTORELEASING = YES;
				CLANG_WARN_BOOL_CONVERSION = YES;
				CLANG_WARN_COMMA = YES;
				CLANG_WARN_CONSTANT_CONVERSION = YES;
				CLANG_WARN_DEPRECATED_OBJC_IMPLEMENTATIONS = YES;
				CLANG_WARN_DIRECT_OBJC_ISA_USAGE = YES_ERROR;
				CLANG_WARN_DOCUMENTATION_COMMENTS = YES;
				CLANG_WARN_EMPTY_BODY = YES;
				CLANG_WARN_ENUM_CONVERSION = YES;
				CLANG_WARN_INFINITE_RECURSION = YES;
				CLANG_WARN_INT_CONVERSION = YES;
				CLANG_WARN_NON_LITERAL_NULL_CONVERSION = YES;
				CLANG_WARN_OBJC_IMPLICIT_RETAIN_SELF = YES;
				CLANG_WARN_OBJC_LITERAL_CONVERSION = YES;
				CLANG_WARN_OBJC_ROOT_CLASS = YES_ERROR;
				CLANG_WARN_QUOTED_INCLUDE_IN_FRAMEWORK_HEADER = YES;
				CLANG_WARN_RANGE_LOOP_ANALYSIS = YES;
				CLANG_WARN_STRICT_PROTOTYPES = YES;
				CLANG_WARN_SUSPICIOUS_MOVE = YES;
				CLANG_WARN_UNGUARDED_AVAILABILITY = YES_AGGRESSIVE;
				CLANG_WARN_UNREACHABLE_CODE = YES;
				CLANG_WARN__DUPLICATE_METHOD_MATCH = YES;
				COPY_PHASE_STRIP = NO;
				DEBUG_INFORMATION_FORMAT = "dwarf-with-dsym";
				ENABLE_NS_ASSERTIONS = NO;
				ENABLE_STRICT_OBJC_MSGSEND = YES;
				GCC_C_LANGUAGE_STANDARD = gnu11;
				GCC_NO_COMMON_BLOCKS = YES;
				GCC_WARN_64_TO_32_BIT_CONVERSION = YES;
				GCC_WARN_ABOUT_RETURN_TYPE = YES_ERROR;
				GCC_WARN_UNDECLARED_SELECTOR = YES;
				GCC_WARN_UNINITIALIZED_AUTOS = YES_AGGRESSIVE;
				GCC_WARN_UNUSED_FUNCTION = YES;
				GCC_WARN_UNUSED_VARIABLE = YES;
				IPHONEOS_DEPLOYMENT_TARGET = 16.2;
				MTL_ENABLE_DEBUG_INFO = NO;
				MTL_FAST_MATH = YES;
				SDKROOT = iphoneos;
				SWIFT_COMPILATION_MODE = wholemodule;
				SWIFT_OPTIMIZATION_LEVEL = "-O";
				VALIDATE_PRODUCT = YES;
			};
			name = Release;
		};
		12E50CCD29B0391000A314DF /* Debug */ = {
			isa = XCBuildConfiguration;
			buildSettings = {
				ASSETCATALOG_COMPILER_APPICON_NAME = AppIcon;
				ASSETCATALOG_COMPILER_GLOBAL_ACCENT_COLOR_NAME = AccentColor;
				CODE_SIGN_STYLE = Automatic;
				CURRENT_PROJECT_VERSION = 1;
				GENERATE_INFOPLIST_FILE = YES;
				INFOPLIST_FILE = Movies/Info.plist;
				INFOPLIST_KEY_UIApplicationSupportsIndirectInputEvents = YES;
				INFOPLIST_KEY_UILaunchStoryboardName = LaunchScreen;
				INFOPLIST_KEY_UIMainStoryboardFile = Main;
				INFOPLIST_KEY_UISupportedInterfaceOrientations_iPad = "UIInterfaceOrientationPortrait UIInterfaceOrientationPortraitUpsideDown UIInterfaceOrientationLandscapeLeft UIInterfaceOrientationLandscapeRight";
				INFOPLIST_KEY_UISupportedInterfaceOrientations_iPhone = "UIInterfaceOrientationPortrait UIInterfaceOrientationLandscapeLeft UIInterfaceOrientationLandscapeRight";
				LD_RUNPATH_SEARCH_PATHS = (
					"$(inherited)",
					"@executable_path/Frameworks",
				);
				MARKETING_VERSION = 1.0;
				PRODUCT_BUNDLE_IDENTIFIER = com.melissa.Movies;
				PRODUCT_NAME = "$(TARGET_NAME)";
				SWIFT_EMIT_LOC_STRINGS = YES;
				SWIFT_VERSION = 5.0;
				TARGETED_DEVICE_FAMILY = "1,2";
			};
			name = Debug;
		};
		12E50CCE29B0391000A314DF /* Release */ = {
			isa = XCBuildConfiguration;
			buildSettings = {
				ASSETCATALOG_COMPILER_APPICON_NAME = AppIcon;
				ASSETCATALOG_COMPILER_GLOBAL_ACCENT_COLOR_NAME = AccentColor;
				CODE_SIGN_STYLE = Automatic;
				CURRENT_PROJECT_VERSION = 1;
				GENERATE_INFOPLIST_FILE = YES;
				INFOPLIST_FILE = Movies/Info.plist;
				INFOPLIST_KEY_UIApplicationSupportsIndirectInputEvents = YES;
				INFOPLIST_KEY_UILaunchStoryboardName = LaunchScreen;
				INFOPLIST_KEY_UIMainStoryboardFile = Main;
				INFOPLIST_KEY_UISupportedInterfaceOrientations_iPad = "UIInterfaceOrientationPortrait UIInterfaceOrientationPortraitUpsideDown UIInterfaceOrientationLandscapeLeft UIInterfaceOrientationLandscapeRight";
				INFOPLIST_KEY_UISupportedInterfaceOrientations_iPhone = "UIInterfaceOrientationPortrait UIInterfaceOrientationLandscapeLeft UIInterfaceOrientationLandscapeRight";
				LD_RUNPATH_SEARCH_PATHS = (
					"$(inherited)",
					"@executable_path/Frameworks",
				);
				MARKETING_VERSION = 1.0;
				PRODUCT_BUNDLE_IDENTIFIER = com.melissa.Movies;
				PRODUCT_NAME = "$(TARGET_NAME)";
				SWIFT_EMIT_LOC_STRINGS = YES;
				SWIFT_VERSION = 5.0;
				TARGETED_DEVICE_FAMILY = "1,2";
			};
			name = Release;
		};
/* End XCBuildConfiguration section */

/* Begin XCConfigurationList section */
		12E50CB329B0390F00A314DF /* Build configuration list for PBXProject "Movies" */ = {
			isa = XCConfigurationList;
			buildConfigurations = (
				12E50CCA29B0391000A314DF /* Debug */,
				12E50CCB29B0391000A314DF /* Release */,
			);
			defaultConfigurationIsVisible = 0;
			defaultConfigurationName = Release;
		};
		12E50CCC29B0391000A314DF /* Build configuration list for PBXNativeTarget "Movies" */ = {
			isa = XCConfigurationList;
			buildConfigurations = (
				12E50CCD29B0391000A314DF /* Debug */,
				12E50CCE29B0391000A314DF /* Release */,
			);
			defaultConfigurationIsVisible = 0;
			defaultConfigurationName = Release;
		};
/* End XCConfigurationList section */

/* Begin XCRemoteSwiftPackageReference section */
		12557BD329B31C1200BFF6B5 /* XCRemoteSwiftPackageReference "Nuke" */ = {
			isa = XCRemoteSwiftPackageReference;
			repositoryURL = "https://github.com/kean/Nuke.git";
			requirement = {
				kind = exactVersion;
				version = 9.6.1;
			};
		};
/* End XCRemoteSwiftPackageReference section */

/* Begin XCSwiftPackageProductDependency section */
		12557BD429B31C1200BFF6B5 /* Nuke */ = {
			isa = XCSwiftPackageProductDependency;
			package = 12557BD329B31C1200BFF6B5 /* XCRemoteSwiftPackageReference "Nuke" */;
			productName = Nuke;
		};
/* End XCSwiftPackageProductDependency section */
	};
	rootObject = 12E50CB029B0390F00A314DF /* Project object */;
}
